{
  "name": "vue-lazy-load",
  "version": "1.0.0",
  "lockfileVersion": 1,
  "requires": true,
  "dependencies": {
    "lazysizes": {
      "version": "5.1.1",
      "resolved": "https://registry.npmjs.org/lazysizes/-/lazysizes-5.1.1.tgz",
      "integrity": "sha512-UCbdRSsozjlS6r56dPMFXX+AW2t8G0duRKxQDwvEpNTrWOHQo56YlTx5ssT7epU87PoruF1q9tvW3kSbQjorMw=="
    }
  }
}
